PODS:
  - BCQQShareActivity (0.1.0):
    - JSONModel
  - JSONModel (1.2.0)

DEPENDENCIES:
  - BCQQShareActivity (from `../`)

EXTERNAL SOURCES:
  BCQQShareActivity:
    :path: ../

SPEC CHECKSUMS:
  BCQQShareActivity: 64179d0df86dd11646060ed8d0701197d7a32f5a
  JSONModel: 12523685c4b623553ccf844bbbf7007624317b2c

COCOAPODS: 0.39.0
